name: bulkseq
channels:
  - bioconda
  - conda-forge
dependencies:
  - _openmp_mutex=4.5=20_gnu
  - _python_abi3_support=1.0=hd8ed1ab_2
  - _r-mutex=1.0.1=anacondar_1
  - adwaita-icon-theme=49.0=unix_0
  - alsa-lib=1.2.16.1=hb03c661_0
  - amply=0.1.6=pyhd8ed1ab_1
  - annotated-types=0.7.0=pyhd8ed1ab_1
  - anyio=4.14.1=pyhcf101f3_0
  - aom=3.9.1=hac33072_0
  - argcomplete=3.6.3=pyhd8ed1ab_0
  - argparse-dataclass=2.0.0=pyhd8ed1ab_1
  - aria2=1.37.0=h4e1c2bf_3
  - at-spi2-atk=2.38.0=h0630a04_3
  - at-spi2-core=2.40.3=h0630a04_0
  - atk-1.0=2.38.0=h04ea711_2
  - attrs=26.1.0=pyhcf101f3_0
  - backports=1.0=pyhd8ed1ab_5
  - backports.tarfile=1.2.0=pyhcf101f3_2
  - backports.zstd=1.6.0=py312h90b7ffd_0
  - binutils_impl_linux-64=2.45.1=default_hfdba357_102
  - binutils_linux-64=2.45.1=default_h4852527_102
  - bioconductor-affy=1.88.0=r45h01b2380_0
  - bioconductor-affyio=1.80.0=r45h01b2380_0
  - bioconductor-annotate=1.88.0=r45hdfd78af_0
  - bioconductor-annotationdbi=1.72.0=r45hdfd78af_0
  - bioconductor-apeglm=1.32.0=r45ha27e39d_0
  - bioconductor-assorthead=1.4.0=r45hdfd78af_0
  - bioconductor-beachmat=2.26.0=r45ha27e39d_0
  - bioconductor-biobase=2.70.0=r45h01b2380_0
  - bioconductor-biocfilecache=3.0.0=r45hdfd78af_0
  - bioconductor-biocgenerics=0.56.0=r45hdfd78af_2
  - bioconductor-biocparallel=1.44.0=r45ha27e39d_1
  - bioconductor-biocsingular=1.26.1=r45ha27e39d_0
  - bioconductor-biomart=2.66.1=r45hdfd78af_0
  - bioconductor-biostrings=2.78.0=r45h01b2380_0
  - bioconductor-clusterprofiler=4.18.4=r45hdfd78af_0
  - bioconductor-complexheatmap=2.26.1=r45hdfd78af_0
  - bioconductor-data-packages=20260207=hdfd78af_0
  - bioconductor-delayedarray=0.36.0=r45h01b2380_0
  - bioconductor-delayedmatrixstats=1.32.0=r45hdfd78af_0
  - bioconductor-deseq2=1.50.2=r45ha27e39d_0
  - bioconductor-dose=4.4.0=r45hdfd78af_0
  - bioconductor-edger=4.8.2=r45h01b2380_0
  - bioconductor-enhancedvolcano=1.28.2=r45hdfd78af_0
  - bioconductor-enrichplot=1.30.4=r45hdfd78af_0
  - bioconductor-fgsea=1.36.2=r45ha27e39d_0
  - bioconductor-genomeinfodb=1.46.2=r45hdfd78af_0
  - bioconductor-genomeinfodbdata=1.2.15=r45hdfd78af_0
  - bioconductor-genomicranges=1.62.1=r45h01b2380_0
  - bioconductor-geoquery=2.78.0=r45hdfd78af_0
  - bioconductor-ggtree=4.0.4=r45hdfd78af_1
  - bioconductor-go.db=3.22.0=r45hdfd78af_0
  - bioconductor-gosemsim=2.36.0=r45ha27e39d_0
  - bioconductor-graph=1.88.1=r45h01b2380_0
  - bioconductor-gseabase=1.72.0=r45hdfd78af_0
  - bioconductor-gsva=2.4.4=r45h01b2380_0
  - bioconductor-h5mread=1.2.1=r45h01b2380_1
  - bioconductor-hdf5array=1.38.0=r45hdfd78af_0
  - bioconductor-iranges=2.44.0=r45h01b2380_1
  - bioconductor-keggrest=1.50.0=r45hdfd78af_0
  - bioconductor-limma=3.66.0=r45h01b2380_0
  - bioconductor-matrixgenerics=1.22.0=r45hdfd78af_1
  - bioconductor-org.at.tair.db=3.22.0=r45hdfd78af_0
  - bioconductor-org.ce.eg.db=3.22.0=r45hdfd78af_0
  - bioconductor-org.dm.eg.db=3.22.0=r45hdfd78af_0
  - bioconductor-org.dr.eg.db=3.22.0=r45hdfd78af_0
  - bioconductor-org.hs.eg.db=3.22.0=r45hdfd78af_0
  - bioconductor-org.mm.eg.db=3.22.0=r45hdfd78af_0
  - bioconductor-org.sc.sgd.db=3.22.0=r45hdfd78af_0
  - bioconductor-preprocesscore=1.72.0=r45h01b2380_0
  - bioconductor-qvalue=2.42.0=r45hdfd78af_0
  - bioconductor-rhdf5=2.54.1=r45h882589e_0
  - bioconductor-rhdf5filters=1.22.0=r45ha27e39d_0
  - bioconductor-rhdf5lib=1.32.0=r45h01b2380_0
  - bioconductor-s4arrays=1.10.1=r45h01b2380_0
  - bioconductor-s4vectors=0.48.0=r45h01b2380_1
  - bioconductor-scaledmatrix=1.18.0=r45hdfd78af_0
  - bioconductor-seqinfo=1.0.0=r45hdfd78af_0
  - bioconductor-singlecellexperiment=1.32.0=r45hdfd78af_0
  - bioconductor-sparsearray=1.10.8=r45h01b2380_0
  - bioconductor-sparsematrixstats=1.22.0=r45ha27e39d_0
  - bioconductor-spatialexperiment=1.20.0=r45hdfd78af_0
  - bioconductor-stringdb=2.22.0=r45hdfd78af_0
  - bioconductor-summarizedexperiment=1.40.0=r45hdfd78af_0
  - bioconductor-topgo=2.62.0=r45hdfd78af_0
  - bioconductor-treeio=1.34.0=r45hdfd78af_0
  - bioconductor-tximport=1.38.2=r45hdfd78af_0
  - bioconductor-ucsc.utils=1.6.1=r45hdfd78af_0
  - bioconductor-xvector=0.50.0=r45h01b2380_0
  - biopython=1.87=py312h4c3975b_0
  - boost-cpp=1.85.0=h3c6214e_4
  - bowtie=1.3.1=hb82490e_11
  - bowtie2=2.5.5=ha27dd3b_0
  - brotli=1.2.0=hed03a55_1
  - brotli-bin=1.2.0=hb03c661_1
  - brotli-python=1.2.0=py312hdb49522_1
  - bwidget=1.10.1=ha770c72_1
  - bx-python=0.14.0=py312h734f728_1
  - bzip2=1.0.8=hda65f42_9
  - c-ares=1.34.6=hb03c661_0
  - ca-certificates=2026.6.17=hbd8a1cb_0
  - cairo=1.18.4=h3394656_0
  - certifi=2026.6.17=pyhd8ed1ab_0
  - cffi=2.0.0=py312h460c074_1
  - charset-normalizer=3.4.7=pyhd8ed1ab_0
  - click=8.4.1=pyhc90fa1f_0
  - coin-or-cbc=2.10.13=h4d16d09_1
  - coin-or-cgl=0.60.10=hc46dffc_1
  - coin-or-clp=1.17.11=hc03379b_1
  - coin-or-osi=0.108.12=hf4fecb4_1
  - coin-or-utils=2.11.13=hc93afbd_1
  - coloredlogs=15.0.1=pyhd8ed1ab_4
  - colormath=3.0.0=pyhd8ed1ab_4
  - conda-inject=1.3.2=pyhd8ed1ab_0
  - configargparse=1.7.5=pyhcf101f3_0
  - connection_pool=0.0.3=pyhd3deb0d_0
  - contourpy=1.3.3=py312h0a2e395_4
  - cpython=3.12.13=py312hd8ed1ab_0
  - cryptography=49.0.0=py312ha4b625e_0
  - curl=8.20.0=hcf29cc6_0
  - cutadapt=5.2=py312h247cb63_1
  - cycler=0.12.1=pyhcf101f3_2
  - dav1d=1.2.1=hd590300_0
  - dbus=1.13.6=h5008d03_3
  - distlib=0.4.3=pyhcf101f3_0
  - distro=1.9.0=pyhd8ed1ab_1
  - dnaio=1.2.2=py312hf67a6ed_0
  - docutils=0.22.4=pyhd8ed1ab_0
  - dpath=2.2.0=pyha770c72_1
  - editables=0.6=pyhcf101f3_0
  - epoxy=1.5.10=hb03c661_2
  - exceptiongroup=1.3.1=pyhd8ed1ab_0
  - expat=2.8.1=hecca717_1
  - fastp=1.0.1=heae3180_0
  - fastq-screen=0.16.0=pl5321hdfd78af_0
  - fastqc=0.12.1=hdfd78af_0
  - fftw=3.3.11=nompi_h3b011a4_100
  - filelock=3.29.4=pyhd8ed1ab_0
  - font-ttf-dejavu-sans-mono=2.37=hab24e00_0
  - font-ttf-inconsolata=3.000=h77eed37_0
  - font-ttf-source-code-pro=2.038=h77eed37_0
  - font-ttf-ubuntu=0.83=h77eed37_3
  - fontconfig=2.18.1=h27c8c51_0
  - fonts-conda-ecosystem=1=0
  - fonts-conda-forge=1=hc364b38_1
  - fonttools=4.63.0=py312h8a5da7c_0
  - freetype=2.14.3=ha770c72_0
  - fribidi=1.0.16=hb03c661_0
  - fsspec=2026.6.0=pyhd8ed1ab_0
  - gcc_impl_linux-64=15.2.0=he0086c7_19
  - gcc_linux-64=15.2.0=h7be306e_27
  - gdk-pixbuf=2.42.12=hb9ae30d_0
  - gffread=0.12.9=hf426362_0
  - gfortran_impl_linux-64=15.2.0=h281d09f_19
  - ghostscript=10.07.1=hecca717_0
  - giflib=5.2.2=hd590300_0
  - gitdb=4.0.12=pyhd8ed1ab_0
  - gitpython=3.1.50=pyhd8ed1ab_0
  - glib-tools=2.88.2=h8094192_0
  - glpk=5.0=h445213a_0
  - gmp=6.3.0=hac33072_2
  - gmpy2=2.3.0=py312hcaba1f9_1
  - graphite2=1.3.15=hecca717_0
  - graphviz=13.1.2=h87b6fe6_0
  - greenlet=3.5.2=py312h8285ef7_0
  - gsl=2.7=he838d99_0
  - gtk3=3.24.43=h0c6a113_5
  - gts=0.7.6=h977cf35_4
  - gxx_impl_linux-64=15.2.0=hda75c37_19
  - gxx_linux-64=15.2.0=hcb00b6d_27
  - h11=0.16.0=pyhcf101f3_1
  - h2=4.3.0=pyhcf101f3_0
  - harfbuzz=11.5.1=h15599e2_0
  - hatch=1.17.0=pyhcf101f3_0
  - hatchling=1.30.1=pyhcf101f3_0
  - hicolor-icon-theme=0.17=ha770c72_3
  - hisat2=2.2.2=h503566f_0
  - hpack=4.1.0=pyhd8ed1ab_0
  - htslib=1.23=h566b1c6_0
  - httpcore2=2.5.0=pyhcf101f3_0
  - httpx2=2.5.0=pyhcf101f3_0
  - humanfriendly=10.0=pyh707e725_8
  - humanize=4.15.0=pyhd8ed1ab_0
  - hyperframe=6.1.0=pyhd8ed1ab_0
  - hyperlink=21.0.0=pyh29332c3_1
  - icu=75.1=he02047a_0
  - idna=3.18=pyhcf101f3_0
  - imagemagick=7.1.2_3=gpl_hacdf01b_0
  - immutables=0.21=py312h4c3975b_2
  - importlib-metadata=9.0.0=pyhcf101f3_0
  - importlib_resources=7.1.0=pyhd8ed1ab_0
  - isa-l=2.31.1=hb9d3cd8_1
  - jaraco.classes=3.4.0=pyhcf101f3_3
  - jaraco.context=6.1.2=pyhcf101f3_0
  - jaraco.functools=4.5.0=pyhcf101f3_0
  - jbig=2.1=h7f98852_2003
  - jeepney=0.9.0=pyhd8ed1ab_0
  - jinja2=3.1.6=pyhcf101f3_1
  - jq=1.8.1=h73b1eb8_0
  - jsonschema=4.26.0=pyhcf101f3_0
  - jsonschema-specifications=2025.9.1=pyhcf101f3_0
  - jupyter_core=5.9.1=pyhc90fa1f_0
  - kaleido-core=0.2.1=h3644ca4_0
  - kernel-headers_linux-64=6.12.0=he073ed8_6
  - keyring=25.7.0=pyha804496_0
  - keyutils=1.6.3=hb9d3cd8_0
  - kiwisolver=1.5.0=py312h0a2e395_0
  - krb5=1.22.2=ha1258a1_0
  - lcms2=2.17=h717163a_0
  - ld_impl_linux-64=2.45.1=default_hbd61a6d_102
  - lerc=4.1.0=hdb68285_0
  - libabseil=20240722.0=cxx17_hbbce691_4
  - libavif16=1.4.2=hcfa2d63_0
  - libblas=3.11.0=8_h4a7cf45_openblas
  - libboost=1.85.0=h0ccab89_4
  - libboost-devel=1.85.0=h00ab1b0_4
  - libboost-headers=1.85.0=ha770c72_4
  - libbrotlicommon=1.2.0=hb03c661_1
  - libbrotlidec=1.2.0=hb03c661_1
  - libbrotlienc=1.2.0=hb03c661_1
  - libcblas=3.11.0=8_h0358290_openblas
  - libcups=2.3.3=h7a8fb5f_6
  - libcurl=8.20.0=hcf29cc6_0
  - libde265=1.0.15=h00ab1b0_0
  - libdeflate=1.25=h17f619e_0
  - libdrm=2.4.127=hb03c661_0
  - libedit=3.1.20250104=pl5321h7949ede_0
  - libegl=1.7.0=ha4b6fd6_3
  - libegl-devel=1.7.0=ha4b6fd6_3
  - libev=4.33=hd590300_2
  - libexpat=2.8.1=hecca717_1
  - libffi=3.5.2=h3435931_0
  - libfreetype=2.14.3=ha770c72_0
  - libfreetype6=2.14.3=h73754d4_0
  - libgcc=15.2.0=he0feb66_19
  - libgcc-devel_linux-64=15.2.0=hcc6f6b0_119
  - libgcc-ng=15.2.0=h69a702a_19
  - libgd=2.3.3=h6f5c62b_11
  - libgff=2.0.1=hf426362_0
  - libgfortran=15.2.0=h69a702a_19
  - libgfortran-ng=15.2.0=h69a702a_19
  - libgfortran5=15.2.0=h68bc16d_19
  - libgl=1.7.0=ha4b6fd6_3
  - libgl-devel=1.7.0=ha4b6fd6_3
  - libglib=2.88.2=h0d30a3d_0
  - libglvnd=1.7.0=ha4b6fd6_3
  - libglx=1.7.0=ha4b6fd6_3
  - libglx-devel=1.7.0=ha4b6fd6_3
  - libgomp=15.2.0=he0feb66_19
  - libheif=1.19.7=gpl_hc18d805_100
  - libhwloc=2.12.1=default_h3d81e11_1000
  - libiconv=1.18=h3b78370_2
  - libjemalloc=5.3.0=h5888daf_1
  - libjpeg-turbo=3.1.4.1=hb03c661_0
  - liblapack=3.11.0=8_h47877c9_openblas
  - liblapacke=3.11.0=8_h6ae95b6_openblas
  - liblzma=5.8.3=hb03c661_0
  - liblzma-devel=5.8.3=hb03c661_0
  - libnghttp2=1.68.1=h877daf1_0
  - libnsl=2.0.1=hb9d3cd8_1
  - libopenblas=0.3.33=pthreads_h94d23a6_0
  - libopenssl-static=3.6.3=hb03c661_0
  - libpciaccess=0.19=hb03c661_0
  - libpng=1.6.58=h421ea60_0
  - libprotobuf=5.28.3=h6128344_1
  - librsvg=2.58.4=he92a37e_3
  - libsanitizer=15.2.0=h90f66d4_19
  - libsqlite=3.53.2=h0c1763c_0
  - libssh2=1.11.1=hcf80075_0
  - libstdcxx=15.2.0=h934c35e_19
  - libstdcxx-devel_linux-64=15.2.0=hd446a21_119
  - libstdcxx-ng=15.2.0=hdf11a46_19
  - libtiff=4.7.1=h9d88235_1
  - libtorch=2.6.0=cpu_generic_haed06de_0
  - libuuid=2.42.2=h5347b49_0
  - libuv=1.52.1=h280c20c_0
  - libwebp=1.6.0=h9635ea4_0
  - libwebp-base=1.6.0=hd42ef1d_0
  - libxcb=1.17.0=h8a09558_0
  - libxcrypt=4.4.36=hd590300_1
  - libxkbcommon=1.11.0=he8b52b9_0
  - libxml2=2.13.9=h04c0eec_0
  - libzlib=1.3.2=h25fd6f3_2
  - logomaker=0.8.6=pyhd8ed1ab_0
  - make=4.4.1=hb9d3cd8_2
  - markdown=3.10.2=pyhcf101f3_0
  - markdown-it-py=4.2.0=pyhd8ed1ab_0
  - markupsafe=3.0.3=py312h8a5da7c_1
  - mathjax=2.7.7=ha770c72_3
  - matplotlib-base=3.10.9=py312he3d6523_0
  - mdurl=0.1.2=pyhd8ed1ab_1
  - more-itertools=11.1.0=pyhcf101f3_0
  - mpc=1.4.0=he0a73b1_0
  - mpfr=4.2.2=he0a73b1_0
  - mpmath=1.4.1=pyhd8ed1ab_0
  - multiqc=1.30=pyhdfd78af_1
  - munkres=1.1.4=pyhd8ed1ab_1
  - mysql-connector-c=6.1.11=h659d440_1008
  - narwhals=2.22.1=pyhcf101f3_0
  - natsort=8.4.0=pyhcf101f3_2
  - nbformat=5.10.4=pyhd8ed1ab_1
  - ncurses=6.6=hdb14827_0
  - networkx=3.6.1=pyhcf101f3_0
  - nomkl=1.0=h5ca1d4c_0
  - nspr=4.38=h29cc59b_0
  - nss=3.118=h445c969_0
  - numpy=2.4.6=py312h33ff503_0
  - oniguruma=6.9.10=hb9d3cd8_0
  - onnxruntime=1.26.0=py312hb39aaa6_0_cpu
  - openjdk=23.0.2=h53dfc1b_2
  - openjpeg=2.5.3=h55fea9a_1
  - openssl=3.6.3=h35e630c_0
  - optree=0.19.1=py312hd9148b4_0
  - packaging=25.0=pyh29332c3_1
  - pandas=3.0.3=py312h8ecdadd_0
  - pandoc=3.10=ha770c72_0
  - pango=1.56.4=hadf4263_0
  - pathspec=1.1.1=pyhd8ed1ab_0
  - pbzip2=1.1.13=h1fcc475_2
  - pcre2=10.47=haa7fec5_0
  - perl=5.32.1=7_hd590300_perl5
  - perl-gd=2.84=pl5321hc25ab4d_0
  - perl-gdgraph=1.56=pl5321hdfd78af_0
  - perl-gdtextutil=0.86=pl5321h7b50bb2_9
  - perl-test-nowarnings=1.06=pl5321ha770c72_0
  - pexpect=4.9.0=pyhd8ed1ab_1
  - pigz=2.8=h421ea60_2
  - pillow=11.3.0=py312h7b42cdd_3
  - pip=26.1.2=pyh8b19718_0
  - pixman=0.46.4=h54a6638_1
  - pkg-config=0.29.2=h4bc722e_1009
  - platformdirs=4.10.0=pyhcf101f3_0
  - plotly=6.8.0=pyhd8ed1ab_0
  - pluggy=1.6.0=pyhf9edf01_1
  - polars=1.41.2=pyh58ad624_0
  - polars-lts-cpu=1.34.0.deprecated=hc364b38_0
  - polars-runtime-32=1.41.2=py310h49dadd8_0
  - polars-runtime-compat=1.41.2=py310hcbd6021_0
  - protobuf=5.28.3=py312h2ec8cdc_0
  - psutil=7.2.2=py312h5253ce2_0
  - pthread-stubs=0.4=hb9d3cd8_1002
  - ptyprocess=0.7.0=pyhd8ed1ab_1
  - pulp=2.8.0=py312hd0750ca_3
  - pyaml-env=1.2.2=pyhd8ed1ab_0
  - pybigwig=0.3.25=py312hca67b4d_1
  - pybind11=3.0.3=pyhfe8187e_0
  - pybind11-global=3.0.3=pyh648e204_0
  - pycparser=3.0=pyhcf101f3_0
  - pydantic=2.13.4=pyhcf101f3_0
  - pydantic-core=2.46.4=py312h868fb18_0
  - pygments=2.20.0=pyhd8ed1ab_0
  - pyparsing=3.3.2=pyhcf101f3_0
  - pyproject_hooks=1.2.0=pyhd8ed1ab_1
  - pysam=0.23.3=py312h47d5410_1
  - pysocks=1.7.1=pyha55dd90_7
  - python=3.12.13=hd63d673_0_cpython
  - python-dateutil=2.9.0.post0=pyhe01879c_2
  - python-discovery=1.4.2=pyhcf101f3_0
  - python-dotenv=1.2.2=pyhcf101f3_0
  - python-fastjsonschema=2.21.2=pyhe01879c_0
  - python-flatbuffers=25.9.23=pyh1e1bc0e_0
  - python-gil=3.12.13=hd8ed1ab_0
  - python-isal=1.8.0=py312h4c3975b_2
  - python-kaleido=0.2.1=pyhd8ed1ab_0
  - python-zlib-ng=1.0.0=py312hc77a125_2
  - python_abi=3.12=8_cp312
  - pytorch=2.6.0=cpu_generic_py312_h1c73833_0
  - pyyaml=6.0.3=py312h8a5da7c_1
  - qhull=2020.2=h434a139_5
  - r=4.5=r45hd8ed1ab_1009
  - r-abind=1.4_8=r45hc72bb7e_1
  - r-ape=5.8_1=r45h3704496_2
  - r-aplot=0.3.0=r45hc72bb7e_0
  - r-ashr=2.2_63=r45h3697838_3
  - r-askpass=1.2.1=r45h54b55ab_1
  - r-assertthat=0.2.1=r45hc72bb7e_6
  - r-babelgene=22.9=r45hc72bb7e_4
  - r-base=4.5.2=h835929b_3
  - r-base64enc=0.1_6=r45h54b55ab_0
  - r-bbmle=1.0.25.1=r45hc72bb7e_2
  - r-bdsmatrix=1.3_7=r45h54b55ab_3
  - r-bh=1.90.0_1=r45hc72bb7e_0
  - r-biocmanager=1.30.27=r45hc72bb7e_0
  - r-bit=4.6.0=r45h54b55ab_1
  - r-bit64=4.8.2=r45h54b55ab_0
  - r-bitops=1.0_9=r45h54b55ab_1
  - r-blob=1.3.0=r45hc72bb7e_0
  - r-boot=1.3_32=r45hc72bb7e_1
  - r-bslib=0.11.0=r45hc72bb7e_0
  - r-cachem=1.1.0=r45h54b55ab_2
  - r-catools=1.18.3=r45h3697838_1
  - r-chron=2.3_62=r45h54b55ab_1
  - r-circlize=0.4.18=r45hc72bb7e_0
  - r-class=7.3_23=r45h54b55ab_1
  - r-cli=3.6.6=r45h3697838_0
  - r-clipr=0.8.1=r45hc72bb7e_0
  - r-clue=0.3_68=r45h54b55ab_0
  - r-cluster=2.1.8.2=r45heaba542_0
  - r-coda=0.19_4.1=r45hc72bb7e_2
  - r-codetools=0.2_20=r45hc72bb7e_2
  - r-colorspace=2.1_2=r45h54b55ab_0
  - r-commonmark=2.0.0=r45h54b55ab_1
  - r-cowplot=1.2.0=r45hc72bb7e_2
  - r-cpp11=0.5.5=r45h785f33e_0
  - r-crayon=1.5.3=r45hc72bb7e_2
  - r-crosstalk=1.2.2=r45hc72bb7e_1
  - r-crul=1.6.0=r45hc72bb7e_1
  - r-curl=7.1.0=r45h10955f1_0
  - r-data.table=1.17.8=r45h1c8cec4_1
  - r-dbi=1.3.0=r45hc72bb7e_0
  - r-dbplyr=2.6.0=r45hc72bb7e_0
  - r-digest=0.6.39=r45h3697838_0
  - r-doparallel=1.0.17=r45hc72bb7e_4
  - r-dplyr=1.2.1=r45h3697838_0
  - r-ellipsis=0.3.3=r45h54b55ab_0
  - r-emdbook=1.3.14=r45hc72bb7e_1
  - r-etrunct=0.1=r45hc72bb7e_1007
  - r-evaluate=1.0.5=r45hc72bb7e_1
  - r-fansi=1.0.7=r45h54b55ab_0
  - r-farver=2.1.2=r45h3697838_2
  - r-fastmap=1.2.0=r45h3697838_2
  - r-fastmatch=1.1_8=r45h54b55ab_0
  - r-filelock=1.0.3=r45h54b55ab_2
  - r-fontawesome=0.5.3=r45hc72bb7e_1
  - r-fontbitstreamvera=0.1.1=r45hc72bb7e_1007
  - r-fontliberation=0.1.0=r45hc72bb7e_1007
  - r-fontquiver=0.2.1=r45hc72bb7e_1007
  - r-foreach=1.5.2=r45hc72bb7e_4
  - r-foreign=0.8_91=r45h54b55ab_0
  - r-formatr=1.14=r45hc72bb7e_3
  - r-fs=2.1.0=r45h3697838_0
  - r-futile.logger=1.4.9=r45hc72bb7e_0
  - r-futile.options=1.0.1=r45hc72bb7e_1006
  - r-gdtools=0.5.1=r45ha0c56d8_0
  - r-generics=0.1.4=r45hc72bb7e_1
  - r-getoptlong=1.1.1=r45hc72bb7e_0
  - r-gfonts=0.2.0=r45hc72bb7e_3
  - r-ggforce=0.5.0=r45h3697838_1
  - r-ggfun=0.2.0=r45hc72bb7e_1
  - r-ggiraph=0.9.6=r45h8ff94db_0
  - r-ggnewscale=0.5.2=r45hc72bb7e_1
  - r-ggplot2=4.0.3=r45h785f33e_0
  - r-ggplotify=0.1.3=r45hc72bb7e_1
  - r-ggraph=2.2.2=r45h3697838_0
  - r-ggrepel=0.9.8=r45h3697838_0
  - r-ggridges=0.5.7=r45hc72bb7e_1
  - r-ggtangle=0.1.2=r45hc72bb7e_0
  - r-ggtext=0.1.2=r45hc72bb7e_4
  - r-globaloptions=0.1.4=r45ha770c72_0
  - r-glue=1.8.1=r45h54b55ab_0
  - r-gplots=3.3.0=r45hc72bb7e_0
  - r-gprofiler2=0.2.4=r45hc72bb7e_0
  - r-graphlayouts=1.2.4=r45h3697838_0
  - r-gridextra=2.3.1=r45hc72bb7e_0
  - r-gridgraphics=0.5_1=r45hc72bb7e_4
  - r-gridtext=0.1.6=r45h3697838_0
  - r-gson=0.2.0=r45hc72bb7e_0
  - r-gsubfn=0.7=r45hc72bb7e_1006
  - r-gtable=0.3.6=r45hc72bb7e_1
  - r-gtools=3.9.5=r45h54b55ab_2
  - r-hash=3.0.1=r45hc72bb7e_6
  - r-hexbin=1.28.5=r45heaba542_1
  - r-highr=0.12=r45hc72bb7e_0
  - r-hms=1.1.4=r45hc72bb7e_0
  - r-htmltools=0.5.9=r45h3697838_0
  - r-htmlwidgets=1.6.4=r45h785f33e_4
  - r-httpcode=0.3.0=r45ha770c72_5
  - r-httpuv=1.6.17=r45h6d565e7_0
  - r-httr=1.4.8=r45hc72bb7e_0
  - r-httr2=1.2.3=r45hc72bb7e_0
  - r-igraph=2.1.4=r45hadbbdbc_1
  - r-invgamma=1.2=r45hc72bb7e_1
  - r-irlba=2.3.7=r45h0e4624f_0
  - r-isoband=0.3.0=r45h3697838_0
  - r-iterators=1.0.14=r45hc72bb7e_4
  - r-jpeg=0.1_11=r45hd0206f1_1
  - r-jquerylib=0.1.4=r45hc72bb7e_4
  - r-jsonlite=2.0.0=r45h54b55ab_1
  - r-kernsmooth=2.23_26=r45ha0a88a1_1
  - r-knitr=1.51=r45hc72bb7e_0
  - r-labeling=0.4.3=r45hc72bb7e_2
  - r-lambda.r=1.2.4=r45hc72bb7e_5
  - r-later=1.4.8=r45h3697838_0
  - r-lattice=0.22_9=r45h54b55ab_0
  - r-lazyeval=0.2.3=r45h54b55ab_0
  - r-lifecycle=1.0.5=r45hc72bb7e_0
  - r-litedown=0.9=r45hc72bb7e_0
  - r-locfit=1.5_9.12=r45h54b55ab_1
  - r-magick=2.9.0=r45h3697838_1
  - r-magrittr=2.0.5=r45h54b55ab_0
  - r-markdown=2.0=r45hc72bb7e_1
  - r-mass=7.3_65=r45h54b55ab_0
  - r-matrix=1.7_5=r45h0e4624f_0
  - r-matrixstats=1.5.0=r45h54b55ab_1
  - r-memoise=2.0.1=r45hc72bb7e_4
  - r-memuse=4.2_3=r45h54b55ab_4
  - r-mgcv=1.9_4=r45h0e4624f_0
  - r-mime=0.13=r45h54b55ab_1
  - r-mixsqp=0.3_54=r45h3704496_4
  - r-msigdbr=26.1.0=r45hc72bb7e_0
  - r-munsell=0.5.1=r45hc72bb7e_2
  - r-mvtnorm=1.4_1=r45h11cdb10_0
  - r-nlme=3.1_169=r45heaba542_0
  - r-nnet=7.3_20=r45h54b55ab_1
  - r-numderiv=2016.8_1.1=r45hc72bb7e_7
  - r-openssl=2.4.2=r45h68c19f5_0
  - r-otel=0.2.0=r45hc72bb7e_1
  - r-patchwork=1.3.2=r45hc72bb7e_1
  - r-pheatmap=1.0.13=r45hc72bb7e_1
  - r-pillar=1.11.1=r45hc72bb7e_0
  - r-pkgconfig=2.0.3=r45hc72bb7e_5
  - r-plogr=0.2.0=r45hc72bb7e_1007
  - r-plotly=4.12.0=r45hc72bb7e_0
  - r-plotrix=3.8_14=r45hc72bb7e_0
  - r-plyr=1.8.9=r45h3697838_3
  - r-png=0.1_9=r45haf2892b_0
  - r-polyclip=1.10_7=r45h3697838_1
  - r-prettyunits=1.2.0=r45hc72bb7e_2
  - r-progress=1.2.3=r45hc72bb7e_2
  - r-promises=1.5.0=r45hc72bb7e_1
  - r-proto=1.0.0=r45ha770c72_2007
  - r-purrr=1.2.2=r45h54b55ab_0
  - r-r.methodss3=1.8.2=r45hc72bb7e_4
  - r-r.oo=1.27.1=r45hc72bb7e_1
  - r-r.utils=2.13.0=r45hc72bb7e_1
  - r-r6=2.6.1=r45hc72bb7e_1
  - r-rappdirs=0.3.4=r45h54b55ab_0
  - r-rcolorbrewer=1.1_3=r45h785f33e_4
  - r-rcpp=1.1.1_1.1=r45h3697838_0
  - r-rcpparmadillo=15.4.0_1=r45h3704496_0
  - r-rcppeigen=0.3.4.0.2=r45h3704496_1
  - r-rcppnumerical=0.7_0=r45h3697838_0
  - r-rcurl=1.98_1.17=r45hb79926e_1
  - r-readr=2.2.0=r45h3697838_0
  - r-recommended=4.5=r45hd8ed1ab_1008
  - r-rentrez=1.2.4=r45h785f33e_1
  - r-reshape2=1.4.5=r45h3697838_0
  - r-rjson=0.2.23=r45h3697838_1
  - r-rlang=1.2.0=r45h3697838_0
  - r-rmarkdown=2.31=r45hc72bb7e_0
  - r-rpart=4.1.27=r45h54b55ab_0
  - r-rsqlite=3.53.1=r45h3697838_0
  - r-rsvd=1.0.5=r45hc72bb7e_4
  - r-rvest=1.0.5=r45hc72bb7e_1
  - r-s7=0.2.2=r45h54b55ab_0
  - r-sass=0.4.10=r45h3697838_1
  - r-scales=1.4.0=r45hc72bb7e_1
  - r-scatterpie=0.2.6=r45hc72bb7e_1
  - r-selectr=0.6_0=r45hc72bb7e_0
  - r-shape=1.4.6.1=r45ha770c72_2
  - r-shiny=1.14.0=r45h785f33e_0
  - r-snow=0.4_4=r45hc72bb7e_4
  - r-sourcetools=0.1.7_2=r45h3697838_0
  - r-sparsem=1.84_2=r45heaba542_1
  - r-spatial=7.3_18=r45h54b55ab_1
  - r-sqldf=0.4_12=r45hc72bb7e_0
  - r-squarem=2026.1=r45hc72bb7e_0
  - r-statmod=1.5.2=r45hb1d0f04_0
  - r-stringi=1.8.7=r45h2dae267_1
  - r-stringr=1.6.0=r45h785f33e_0
  - r-survival=3.8_6=r45h54b55ab_0
  - r-svglite=2.2.2=r45h8ff94db_0
  - r-sys=3.4.3=r45h54b55ab_1
  - r-systemfonts=1.3.2=r45h74f4acd_0
  - r-textshaping=1.0.3=r45h74f4acd_1
  - r-tibble=3.3.1=r45h54b55ab_0
  - r-tidydr=0.0.6=r45hc72bb7e_1
  - r-tidygraph=1.3.0=r45h3697838_2
  - r-tidyr=1.3.2=r45h3697838_0
  - r-tidyselect=1.2.1=r45hc72bb7e_2
  - r-tidytree=0.4.7=r45hc72bb7e_0
  - r-tinytex=0.60=r45hc72bb7e_0
  - r-triebeard=0.4.1=r45h3697838_4
  - r-truncnorm=1.0_9=r45h54b55ab_5
  - r-tweenr=2.0.3=r45h3697838_2
  - r-tzdb=0.5.0=r45h3697838_2
  - r-urltools=1.7.3.1=r45h3697838_1
  - r-utf8=1.2.6=r45h54b55ab_1
  - r-vctrs=0.7.3=r45h3697838_0
  - r-viridis=0.6.5=r45hc72bb7e_2
  - r-viridislite=0.4.3=r45hc72bb7e_0
  - r-vroom=1.7.1=r45h3697838_0
  - r-withr=3.0.3=r45hc72bb7e_0
  - r-xfun=0.59=r45h54b55ab_0
  - r-xml=3.99_0.17=r45h7c9d5c0_3
  - r-xml2=1.4.0=r45hc6fd541_1
  - r-xtable=1.8_8=r45hc72bb7e_0
  - r-yaml=2.3.12=r45h54b55ab_0
  - r-yulab.utils=0.2.4=r45hc72bb7e_0
  - rav1e=0.8.1=h1fbca29_0
  - readline=8.3=h853b02a_0
  - referencing=0.37.0=pyhcf101f3_0
  - regex=2026.5.9=py312h4c3975b_0
  - requests=2.34.2=pyhcf101f3_0
  - ribodetector=0.2.7=pyhdfd78af_0
  - rich=15.0.0=pyhcf101f3_0
  - rich-click=1.9.8=pyh8f84b5b_0
  - rpds-py=2026.5.1=py312h192e038_0
  - rseqc=5.0.4=pyhdfd78af_1
  - salmon=2.2.1=hfa8f182_0
  - samtools=1.22.1=h96c455f_0
  - secretstorage=3.5.0=py312h7900ff3_0
  - sed=4.10=h19d0853_0
  - setuptools=82.0.1=pyh332efcf_0
  - shellingham=1.5.4=pyhd8ed1ab_2
  - six=1.17.0=pyhe01879c_1
  - sleef=3.9.0=ha0421bc_0
  - smart_open=7.6.1=pyhcf101f3_0
  - smmap=5.0.3=pyhcf101f3_1
  - snakemake-interface-common=1.23.0=pyhdfd78af_1
  - snakemake-interface-executor-plugins=9.4.0=pyh84498cf_0
  - snakemake-interface-logger-plugins=2.1.0=pyhdfd78af_0
  - snakemake-interface-report-plugins=1.3.0=pyhd4c3c12_0
  - snakemake-interface-scheduler-plugins=2.0.2=pyhd4c3c12_0
  - snakemake-interface-storage-plugins=4.4.1=pyh84498cf_0
  - snakemake-minimal=9.23.1=pyhdfd78af_1
  - sortmerna=4.3.7=py312h8ced662_2
  - spectra=0.0.11=pyhd8ed1ab_2
  - sqlalchemy=2.0.51=py312h5253ce2_0
  - sqlite=3.53.2=hbc0de68_0
  - sqlmodel=0.0.37=pyhcf101f3_0
  - staden_io_lib=1.15.1=hfc9290b_0
  - star=2.7.11b=h5ca1c30_8
  - subread=2.1.1=h577a1d6_0
  - svt-av1=4.0.1=hecca717_0
  - sympy=1.14.0=pyh2585a3b_106
  - sysroot_linux-64=2.39=hc4b9eeb_6
  - tabulate=0.10.0=pyhcf101f3_0
  - tbb=2022.3.0=h8d10470_1
  - tenacity=9.1.4=pyhcf101f3_0
  - throttler=1.2.2=pyhd8ed1ab_0
  - tiktoken=0.13.0=py312h2701ad7_0
  - tk=8.6.13=noxft_h366c992_103
  - tktable=2.10=h5a7a40f_8
  - toml=0.10.2=pyhcf101f3_3
  - tomli=2.4.1=pyhcf101f3_0
  - tomli-w=1.2.0=pyhd8ed1ab_0
  - tomlkit=0.15.0=pyha770c72_0
  - tqdm=4.68.3=pyh8f84b5b_0
  - traitlets=5.15.1=pyhcf101f3_0
  - trim-galore=2.3.0=hf1b6044_0
  - trimmomatic=0.40=hdfd78af_0
  - trove-classifiers=2026.6.1.19=pyhcf101f3_0
  - truststore=0.10.4=pyhcf101f3_0
  - typeguard=4.5.2=pyhcf101f3_0
  - typing-extensions=4.15.0=h396c80c_0
  - typing-inspection=0.4.2=pyhcf101f3_2
  - typing_extensions=4.15.0=pyhcf101f3_0
  - tzdata=2025c=hc9c84f9_1
  - ucsc-genepredtobed=482=h0b57e2e_0
  - ucsc-gtftogenepred=482=h0b57e2e_0
  - unicodedata2=17.0.1=py312h4c3975b_0
  - urllib3=2.7.0=pyhd8ed1ab_0
  - userpath=1.9.2=pyhd8ed1ab_0
  - uv=0.11.26=h26efc2c_0
  - virtualenv=21.5.1=pyhcf101f3_0
  - wayland=1.25.0=hd6090a7_0
  - wheel=0.47.0=pyhd8ed1ab_0
  - wrapt=1.17.3=py312h4c3975b_1
  - x265=3.5=h924138e_3
  - xkeyboard-config=2.48=h280c20c_0
  - xmltodict=1.0.4=pyhcf101f3_0
  - xopen=2.1.0=pyh707e725_0
  - xorg-libice=1.1.2=hb9d3cd8_0
  - xorg-libsm=1.2.6=he73a12e_0
  - xorg-libx11=1.8.13=he1eb515_0
  - xorg-libxau=1.0.12=hb03c661_1
  - xorg-libxcomposite=0.4.7=hb03c661_0
  - xorg-libxcursor=1.2.3=hb9d3cd8_0
  - xorg-libxdamage=1.1.6=hb9d3cd8_0
  - xorg-libxdmcp=1.1.5=hb03c661_1
  - xorg-libxext=1.3.7=hb03c661_0
  - xorg-libxfixes=6.0.2=hb03c661_0
  - xorg-libxi=1.8.3=hb03c661_0
  - xorg-libxinerama=1.1.6=hecca717_0
  - xorg-libxrandr=1.5.5=hb03c661_0
  - xorg-libxrender=0.9.12=hb9d3cd8_0
  - xorg-libxt=1.3.1=hb9d3cd8_0
  - xorg-libxtst=1.2.5=hb9d3cd8_3
  - xorg-libxxf86vm=1.1.7=hb03c661_0
  - xorg-xextproto=7.3.0=hb9d3cd8_1004
  - xorg-xorgproto=2025.1=hb03c661_0
  - xz=5.8.3=ha02ee65_0
  - xz-gpl-tools=5.8.3=ha02ee65_0
  - xz-tools=5.8.3=hb03c661_0
  - yaml=0.2.5=h280c20c_3
  - yq=3.4.3=pyhe01879c_2
  - yte=1.9.4=pyhd8ed1ab_0
  - zipp=4.1.0=pyhcf101f3_0
  - zlib=1.3.2=h25fd6f3_2
  - zlib-ng=2.3.3=hceb46e0_1
  - zstd=1.5.7=hb78ec9c_6
  - pip:
    - lxml==6.0.2
    - mappy==2.30
    - numpy==2.4.3
    - pandas==3.0.1
    - python-dateutil==2.9.0.post0
    - python-docx==1.2.0
    - svgutils==0.3.4

